// !$*UTF8*$!
{
	archiveVersion = 1;
	classes = {
	};
	objectVersion = 55;
	objects = {

/* Begin PBXBuildFile section */
		9901717628A405C900862B29 /* ImageResize.swift in Sources */ = {isa = PBXBuildFile; fileRef = 9901717528A405C900862B29 /* ImageResize.swift */; };
		990171B128A55D2600862B29 /* EntityBoxs+CoreDataClass.swift in Sources */ = {isa = PBXBuildFile; fileRef = 990171A928A55D2600862B29 /* EntityBoxs+CoreDataClass.swift */; };
		990171B228A55D2600862B29 /* EntityBoxs+CoreDataProperties.swift in Sources */ = {isa = PBXBuildFile; fileRef = 990171AA28A55D2600862B29 /* EntityBoxs+CoreDataProperties.swift */; };
		990171B328A55D2600862B29 /* EntityRooms+CoreDataClass.swift in Sources */ = {isa = PBXBuildFile; fileRef = 990171AB28A55D2600862B29 /* EntityRooms+CoreDataClass.swift */; };
		990171B428A55D2600862B29 /* EntityRooms+CoreDataProperties.swift in Sources */ = {isa = PBXBuildFile; fileRef = 990171AC28A55D2600862B29 /* EntityRooms+CoreDataProperties.swift */; };
		990171B528A55D2600862B29 /* EntityMain+CoreDataClass.swift in Sources */ = {isa = PBXBuildFile; fileRef = 990171AD28A55D2600862B29 /* EntityMain+CoreDataClass.swift */; };
		990171B628A55D2600862B29 /* EntityMain+CoreDataProperties.swift in Sources */ = {isa = PBXBuildFile; fileRef = 990171AE28A55D2600862B29 /* EntityMain+CoreDataProperties.swift */; };
		990171B728A55D2600862B29 /* EntityThings+CoreDataClass.swift in Sources */ = {isa = PBXBuildFile; fileRef = 990171AF28A55D2600862B29 /* EntityThings+CoreDataClass.swift */; };
		990171B828A55D2600862B29 /* EntityThings+CoreDataProperties.swift in Sources */ = {isa = PBXBuildFile; fileRef = 990171B028A55D2600862B29 /* EntityThings+CoreDataProperties.swift */; };
		9939DA9228DE4D01004080D4 /* DataManager.swift in Sources */ = {isa = PBXBuildFile; fileRef = 9939DA9128DE4D01004080D4 /* DataManager.swift */; };
		996CD82828A30801000D933D /* CollectionViewCell.swift in Sources */ = {isa = PBXBuildFile; fileRef = 996CD82628A30801000D933D /* CollectionViewCell.swift */; };
		996CD82928A30801000D933D /* CollectionViewCell.xib in Resources */ = {isa = PBXBuildFile; fileRef = 996CD82728A30801000D933D /* CollectionViewCell.xib */; };
		998113C0289B102200E5C5CE /* SettingViewController.swift in Sources */ = {isa = PBXBuildFile; fileRef = 998113BF289B102200E5C5CE /* SettingViewController.swift */; };
		998113C2289B10BA00E5C5CE /* GenerateTestData.swift in Sources */ = {isa = PBXBuildFile; fileRef = 998113C1289B10BA00E5C5CE /* GenerateTestData.swift */; };
		998113C4289C36D800E5C5CE /* CoreData.swift in Sources */ = {isa = PBXBuildFile; fileRef = 998113C3289C36D800E5C5CE /* CoreData.swift */; };
		998113C6289C37ED00E5C5CE /* Error.swift in Sources */ = {isa = PBXBuildFile; fileRef = 998113C5289C37ED00E5C5CE /* Error.swift */; };
		998113C8289C3A0C00E5C5CE /* Variable.swift in Sources */ = {isa = PBXBuildFile; fileRef = 998113C7289C3A0C00E5C5CE /* Variable.swift */; };
		998113D6289C420400E5C5CE /* AlertWindow.swift in Sources */ = {isa = PBXBuildFile; fileRef = 998113D5289C420400E5C5CE /* AlertWindow.swift */; };
		9996135B289B008200B721D4 /* AppDelegate.swift in Sources */ = {isa = PBXBuildFile; fileRef = 9996135A289B008200B721D4 /* AppDelegate.swift */; };
		9996135D289B008200B721D4 /* SceneDelegate.swift in Sources */ = {isa = PBXBuildFile; fileRef = 9996135C289B008200B721D4 /* SceneDelegate.swift */; };
		99961362289B008200B721D4 /* Main.storyboard in Resources */ = {isa = PBXBuildFile; fileRef = 99961360289B008200B721D4 /* Main.storyboard */; };
		99961365289B008200B721D4 /* StoreRoom.xcdatamodeld in Sources */ = {isa = PBXBuildFile; fileRef = 99961363289B008200B721D4 /* StoreRoom.xcdatamodeld */; };
		99961367289B008600B721D4 /* Assets.xcassets in Resources */ = {isa = PBXBuildFile; fileRef = 99961366289B008600B721D4 /* Assets.xcassets */; };
		9996136A289B008600B721D4 /* LaunchScreen.storyboard in Resources */ = {isa = PBXBuildFile; fileRef = 99961368289B008600B721D4 /* LaunchScreen.storyboard */; };
		99961375289B008600B721D4 /* StoreRoomTests.swift in Sources */ = {isa = PBXBuildFile; fileRef = 99961374289B008600B721D4 /* StoreRoomTests.swift */; };
		9996137F289B008600B721D4 /* StoreRoomUITests.swift in Sources */ = {isa = PBXBuildFile; fileRef = 9996137E289B008600B721D4 /* StoreRoomUITests.swift */; };
		99961381289B008600B721D4 /* StoreRoomUITestsLaunchTests.swift in Sources */ = {isa = PBXBuildFile; fileRef = 99961380289B008600B721D4 /* StoreRoomUITestsLaunchTests.swift */; };
		999ACD3828C28B3A00CFF235 /* GetPhotoCamera.swift in Sources */ = {isa = PBXBuildFile; fileRef = 999ACD3728C28B3A00CFF235 /* GetPhotoCamera.swift */; };
		99A200EB28A8076F007859F2 /* CollectionViewControllerContent.swift in Sources */ = {isa = PBXBuildFile; fileRef = 99A200EA28A8076F007859F2 /* CollectionViewControllerContent.swift */; };
		99A200ED28A812F8007859F2 /* CalculateSizeCell.swift in Sources */ = {isa = PBXBuildFile; fileRef = 99A200EC28A812F8007859F2 /* CalculateSizeCell.swift */; };
		99A200EF28A8472E007859F2 /* ViewControllerShowThing.swift in Sources */ = {isa = PBXBuildFile; fileRef = 99A200EE28A8472E007859F2 /* ViewControllerShowThing.swift */; };
		99B4E65F28EC978E002AD71E /* Animation.swift in Sources */ = {isa = PBXBuildFile; fileRef = 99B4E65E28EC978E002AD71E /* Animation.swift */; };
		99EF062128CD1CC600456E7A /* DialogGetNameThing.swift in Sources */ = {isa = PBXBuildFile; fileRef = 99EF062028CD1CC600456E7A /* DialogGetNameThing.swift */; };
		99EF062328CD1CEB00456E7A /* DialogGetNameThing.xib in Resources */ = {isa = PBXBuildFile; fileRef = 99EF062228CD1CEB00456E7A /* DialogGetNameThing.xib */; };
/* End PBXBuildFile section */

/* Begin PBXContainerItemProxy section */
		99961371289B008600B721D4 /* PBXContainerItemProxy */ = {
			isa = PBXContainerItemProxy;
			containerPortal = 9996134F289B008200B721D4 /* Project object */;
			proxyType = 1;
			remoteGlobalIDString = 99961356289B008200B721D4;
			remoteInfo = StoreRoom;
		};
		9996137B289B008600B721D4 /* PBXContainerItemProxy */ = {
			isa = PBXContainerItemProxy;
			containerPortal = 9996134F289B008200B721D4 /* Project object */;
			proxyType = 1;
			remoteGlobalIDString = 99961356289B008200B721D4;
			remoteInfo = StoreRoom;
		};
/* End PBXContainerItemProxy section */

/* Begin PBXFileReference section */
		9901717528A405C900862B29 /* ImageResize.swift */ = {isa = PBXFileReference; lastKnownFileType = sourcecode.swift; name = ImageResize.swift; path = StoreRoom/Controller/ImageResize.swift; sourceTree = SOURCE_ROOT; };
		990171A928A55D2600862B29 /* EntityBoxs+CoreDataClass.swift */ = {isa = PBXFileReference; lastKnownFileType = sourcecode.swift; path = "EntityBoxs+CoreDataClass.swift"; sourceTree = SOURCE_ROOT; };
		990171AA28A55D2600862B29 /* EntityBoxs+CoreDataProperties.swift */ = {isa = PBXFileReference; lastKnownFileType = sourcecode.swift; path = "EntityBoxs+CoreDataProperties.swift"; sourceTree = SOURCE_ROOT; };
		990171AB28A55D2600862B29 /* EntityRooms+CoreDataClass.swift */ = {isa = PBXFileReference; lastKnownFileType = sourcecode.swift; path = "EntityRooms+CoreDataClass.swift"; sourceTree = SOURCE_ROOT; };
		990171AC28A55D2600862B29 /* EntityRooms+CoreDataProperties.swift */ = {isa = PBXFileReference; lastKnownFileType = sourcecode.swift; path = "EntityRooms+CoreDataProperties.swift"; sourceTree = SOURCE_ROOT; };
		990171AD28A55D2600862B29 /* EntityMain+CoreDataClass.swift */ = {isa = PBXFileReference; lastKnownFileType = sourcecode.swift; path = "EntityMain+CoreDataClass.swift"; sourceTree = SOURCE_ROOT; };
		990171AE28A55D2600862B29 /* EntityMain+CoreDataProperties.swift */ = {isa = PBXFileReference; lastKnownFileType = sourcecode.swift; path = "EntityMain+CoreDataProperties.swift"; sourceTree = SOURCE_ROOT; };
		990171AF28A55D2600862B29 /* EntityThings+CoreDataClass.swift */ = {isa = PBXFileReference; lastKnownFileType = sourcecode.swift; path = "EntityThings+CoreDataClass.swift"; sourceTree = SOURCE_ROOT; };
		990171B028A55D2600862B29 /* EntityThings+CoreDataProperties.swift */ = {isa = PBXFileReference; lastKnownFileType = sourcecode.swift; path = "EntityThings+CoreDataProperties.swift"; sourceTree = SOURCE_ROOT; };
		9939DA9128DE4D01004080D4 /* DataManager.swift */ = {isa = PBXFileReference; lastKnownFileType = sourcecode.swift; path = DataManager.swift; sourceTree = "<group>"; };
		996CD82628A30801000D933D /* CollectionViewCell.swift */ = {isa = PBXFileReference; lastKnownFileType = sourcecode.swift; name = CollectionViewCell.swift; path = StoreRoom/View/CollectionViewCell.swift; sourceTree = SOURCE_ROOT; };
		996CD82728A30801000D933D /* CollectionViewCell.xib */ = {isa = PBXFileReference; lastKnownFileType = file.xib; name = CollectionViewCell.xib; path = StoreRoom/View/CollectionViewCell.xib; sourceTree = SOURCE_ROOT; };
		998113BF289B102200E5C5CE /* SettingViewController.swift */ = {isa = PBXFileReference; lastKnownFileType = sourcecode.swift; name = SettingViewController.swift; path = StoreRoom/View/SettingViewController.swift; sourceTree = SOURCE_ROOT; };
		998113C1289B10BA00E5C5CE /* GenerateTestData.swift */ = {isa = PBXFileReference; lastKnownFileType = sourcecode.swift; name = GenerateTestData.swift; path = StoreRoom/View/GenerateTestData.swift; sourceTree = SOURCE_ROOT; };
		998113C3289C36D800E5C5CE /* CoreData.swift */ = {isa = PBXFileReference; lastKnownFileType = sourcecode.swift; name = CoreData.swift; path = StoreRoom/Model/CoreData.swift; sourceTree = SOURCE_ROOT; };
		998113C5289C37ED00E5C5CE /* Error.swift */ = {isa = PBXFileReference; lastKnownFileType = sourcecode.swift; path = Error.swift; sourceTree = "<group>"; };
		998113C7289C3A0C00E5C5CE /* Variable.swift */ = {isa = PBXFileReference; lastKnownFileType = sourcecode.swift; path = Variable.swift; sourceTree = "<group>"; };
		998113D5289C420400E5C5CE /* AlertWindow.swift */ = {isa = PBXFileReference; lastKnownFileType = sourcecode.swift; path = AlertWindow.swift; sourceTree = "<group>"; };
		99961357289B008200B721D4 /* StoreRoom.app */ = {isa = PBXFileReference; explicitFileType = wrapper.application; includeInIndex = 0; path = StoreRoom.app; sourceTree = BUILT_PRODUCTS_DIR; };
		9996135A289B008200B721D4 /* AppDelegate.swift */ = {isa = PBXFileReference; lastKnownFileType = sourcecode.swift; path = AppDelegate.swift; sourceTree = "<group>"; };
		9996135C289B008200B721D4 /* SceneDelegate.swift */ = {isa = PBXFileReference; lastKnownFileType = sourcecode.swift; path = SceneDelegate.swift; sourceTree = "<group>"; };
		99961361289B008200B721D4 /* Base */ = {isa = PBXFileReference; lastKnownFileType = file.storyboard; name = Base; path = Base.lproj/Main.storyboard; sourceTree = "<group>"; };
		99961364289B008200B721D4 /* StoreRoom.xcdatamodel */ = {isa = PBXFileReference; lastKnownFileType = wrapper.xcdatamodel; path = StoreRoom.xcdatamodel; sourceTree = "<group>"; };
		99961366289B008600B721D4 /* Assets.xcassets */ = {isa = PBXFileReference; lastKnownFileType = folder.assetcatalog; path = Assets.xcassets; sourceTree = "<group>"; };
		99961369289B008600B721D4 /* Base */ = {isa = PBXFileReference; lastKnownFileType = file.storyboard; name = Base; path = Base.lproj/LaunchScreen.storyboard; sourceTree = "<group>"; };
		9996136B289B008600B721D4 /* Info.plist */ = {isa = PBXFileReference; lastKnownFileType = text.plist.xml; path = Info.plist; sourceTree = "<group>"; };
		99961370289B008600B721D4 /* StoreRoomTests.xctest */ = {isa = PBXFileReference; explicitFileType = wrapper.cfbundle; includeInIndex = 0; path = StoreRoomTests.xctest; sourceTree = BUILT_PRODUCTS_DIR; };
		99961374289B008600B721D4 /* StoreRoomTests.swift */ = {isa = PBXFileReference; lastKnownFileType = sourcecode.swift; path = StoreRoomTests.swift; sourceTree = "<group>"; };
		9996137A289B008600B721D4 /* StoreRoomUITests.xctest */ = {isa = PBXFileReference; explicitFileType = wrapper.cfbundle; includeInIndex = 0; path = StoreRoomUITests.xctest; sourceTree = BUILT_PRODUCTS_DIR; };
		9996137E289B008600B721D4 /* StoreRoomUITests.swift */ = {isa = PBXFileReference; lastKnownFileType = sourcecode.swift; path = StoreRoomUITests.swift; sourceTree = "<group>"; };
		99961380289B008600B721D4 /* StoreRoomUITestsLaunchTests.swift */ = {isa = PBXFileReference; lastKnownFileType = sourcecode.swift; path = StoreRoomUITestsLaunchTests.swift; sourceTree = "<group>"; };
		999ACD3728C28B3A00CFF235 /* GetPhotoCamera.swift */ = {isa = PBXFileReference; lastKnownFileType = sourcecode.swift; path = GetPhotoCamera.swift; sourceTree = "<group>"; };
		99A200EA28A8076F007859F2 /* CollectionViewControllerContent.swift */ = {isa = PBXFileReference; lastKnownFileType = sourcecode.swift; name = CollectionViewControllerContent.swift; path = StoreRoom/View/CollectionViewControllerContent.swift; sourceTree = SOURCE_ROOT; };
		99A200EC28A812F8007859F2 /* CalculateSizeCell.swift */ = {isa = PBXFileReference; lastKnownFileType = sourcecode.swift; path = CalculateSizeCell.swift; sourceTree = "<group>"; };
		99A200EE28A8472E007859F2 /* ViewControllerShowThing.swift */ = {isa = PBXFileReference; lastKnownFileType = sourcecode.swift; name = ViewControllerShowThing.swift; path = StoreRoom/View/ViewControllerShowThing.swift; sourceTree = SOURCE_ROOT; };
		99B4E65E28EC978E002AD71E /* Animation.swift */ = {isa = PBXFileReference; lastKnownFileType = sourcecode.swift; path = Animation.swift; sourceTree = "<group>"; };
		99EF062028CD1CC600456E7A /* DialogGetNameThing.swift */ = {isa = PBXFileReference; lastKnownFileType = sourcecode.swift; name = DialogGetNameThing.swift; path = StoreRoom/Model/DialogGetNameThing.swift; sourceTree = SOURCE_ROOT; };
		99EF062228CD1CEB00456E7A /* DialogGetNameThing.xib */ = {isa = PBXFileReference; lastKnownFileType = file.xib; path = DialogGetNameThing.xib; sourceTree = "<group>"; };
/* End PBXFileReference section */

/* Begin PBXFrameworksBuildPhase section */
		99961354289B008200B721D4 /* Frameworks */ = {
			isa = PBXFrameworksBuildPhase;
			buildActionMask = 2147483647;
			files = (
			);
			runOnlyForDeploymentPostprocessing = 0;
		};
		9996136D289B008600B721D4 /* Frameworks */ = {
			isa = PBXFrameworksBuildPhase;
			buildActionMask = 2147483647;
			files = (
			);
			runOnlyForDeploymentPostprocessing = 0;
		};
		99961377289B008600B721D4 /* Frameworks */ = {
			isa = PBXFrameworksBuildPhase;
			buildActionMask = 2147483647;
			files = (
			);
			runOnlyForDeploymentPostprocessing = 0;
		};
/* End PBXFrameworksBuildPhase section */

/* Begin PBXGroup section */
		9996134E289B008200B721D4 = {
			isa = PBXGroup;
			children = (
				99961359289B008200B721D4 /* StoreRoom */,
				99961373289B008600B721D4 /* StoreRoomTests */,
				9996137D289B008600B721D4 /* StoreRoomUITests */,
				99961358289B008200B721D4 /* Products */,
			);
			sourceTree = "<group>";
		};
		99961358289B008200B721D4 /* Products */ = {
			isa = PBXGroup;
			children = (
				99961357289B008200B721D4 /* StoreRoom.app */,
				99961370289B008600B721D4 /* StoreRoomTests.xctest */,
				9996137A289B008600B721D4 /* StoreRoomUITests.xctest */,
			);
			name = Products;
			sourceTree = "<group>";
		};
		99961359289B008200B721D4 /* StoreRoom */ = {
			isa = PBXGroup;
			children = (
				9996138D289B00D700B721D4 /* CoreData */,
				99961390289B010E00B721D4 /* Controller */,
				9996138F289B010400B721D4 /* View */,
				9996138E289B00F300B721D4 /* Model */,
				9996135A289B008200B721D4 /* AppDelegate.swift */,
				9996135C289B008200B721D4 /* SceneDelegate.swift */,
				99961366289B008600B721D4 /* Assets.xcassets */,
				9996136B289B008600B721D4 /* Info.plist */,
			);
			path = StoreRoom;
			sourceTree = "<group>";
		};
		99961373289B008600B721D4 /* StoreRoomTests */ = {
			isa = PBXGroup;
			children = (
				99961374289B008600B721D4 /* StoreRoomTests.swift */,
			);
			path = StoreRoomTests;
			sourceTree = "<group>";
		};
		9996137D289B008600B721D4 /* StoreRoomUITests */ = {
			isa = PBXGroup;
			children = (
				9996137E289B008600B721D4 /* StoreRoomUITests.swift */,
				99961380289B008600B721D4 /* StoreRoomUITestsLaunchTests.swift */,
			);
			path = StoreRoomUITests;
			sourceTree = "<group>";
		};
		9996138D289B00D700B721D4 /* CoreData */ = {
			isa = PBXGroup;
			children = (
				990171A928A55D2600862B29 /* EntityBoxs+CoreDataClass.swift */,
				990171AA28A55D2600862B29 /* EntityBoxs+CoreDataProperties.swift */,
				990171AB28A55D2600862B29 /* EntityRooms+CoreDataClass.swift */,
				990171AC28A55D2600862B29 /* EntityRooms+CoreDataProperties.swift */,
				990171AD28A55D2600862B29 /* EntityMain+CoreDataClass.swift */,
				990171AE28A55D2600862B29 /* EntityMain+CoreDataProperties.swift */,
				990171AF28A55D2600862B29 /* EntityThings+CoreDataClass.swift */,
				990171B028A55D2600862B29 /* EntityThings+CoreDataProperties.swift */,
				99961363289B008200B721D4 /* StoreRoom.xcdatamodeld */,
			);
			path = CoreData;
			sourceTree = "<group>";
		};
		9996138E289B00F300B721D4 /* Model */ = {
			isa = PBXGroup;
			children = (
				99EF062028CD1CC600456E7A /* DialogGetNameThing.swift */,
				999ACD3728C28B3A00CFF235 /* GetPhotoCamera.swift */,
				9901717528A405C900862B29 /* ImageResize.swift */,
				99A200EC28A812F8007859F2 /* CalculateSizeCell.swift */,
				998113C1289B10BA00E5C5CE /* GenerateTestData.swift */,
				998113C3289C36D800E5C5CE /* CoreData.swift */,
				9939DA9128DE4D01004080D4 /* DataManager.swift */,
				998113C7289C3A0C00E5C5CE /* Variable.swift */,
				998113C5289C37ED00E5C5CE /* Error.swift */,
				99B4E65E28EC978E002AD71E /* Animation.swift */,
			);
			path = Model;
			sourceTree = "<group>";
		};
		9996138F289B010400B721D4 /* View */ = {
			isa = PBXGroup;
			children = (
				99EF062228CD1CEB00456E7A /* DialogGetNameThing.xib */,
				99961360289B008200B721D4 /* Main.storyboard */,
				996CD82728A30801000D933D /* CollectionViewCell.xib */,
				99961368289B008600B721D4 /* LaunchScreen.storyboard */,
				998113D5289C420400E5C5CE /* AlertWindow.swift */,
			);
			path = View;
			sourceTree = "<group>";
		};
		99961390289B010E00B721D4 /* Controller */ = {
			isa = PBXGroup;
			children = (
				99A200EE28A8472E007859F2 /* ViewControllerShowThing.swift */,
				99A200EA28A8076F007859F2 /* CollectionViewControllerContent.swift */,
				996CD82628A30801000D933D /* CollectionViewCell.swift */,
				998113BF289B102200E5C5CE /* SettingViewController.swift */,
			);
			path = Controller;
			sourceTree = "<group>";
		};
/* End PBXGroup section */

/* Begin PBXNativeTarget section */
		99961356289B008200B721D4 /* StoreRoom */ = {
			isa = PBXNativeTarget;
			buildConfigurationList = 99961384289B008600B721D4 /* Build configuration list for PBXNativeTarget "StoreRoom" */;
			buildPhases = (
				99961353289B008200B721D4 /* Sources */,
				99961354289B008200B721D4 /* Frameworks */,
				99961355289B008200B721D4 /* Resources */,
			);
			buildRules = (
			);
			dependencies = (
			);
			name = StoreRoom;
			productName = StoreRoom;
			productReference = 99961357289B008200B721D4 /* StoreRoom.app */;
			productType = "com.apple.product-type.application";
		};
		9996136F289B008600B721D4 /* StoreRoomTests */ = {
			isa = PBXNativeTarget;
			buildConfigurationList = 99961387289B008600B721D4 /* Build configuration list for PBXNativeTarget "StoreRoomTests" */;
			buildPhases = (
				9996136C289B008600B721D4 /* Sources */,
				9996136D289B008600B721D4 /* Frameworks */,
				9996136E289B008600B721D4 /* Resources */,
			);
			buildRules = (
			);
			dependencies = (
				99961372289B008600B721D4 /* PBXTargetDependency */,
			);
			name = StoreRoomTests;
			productName = StoreRoomTests;
			productReference = 99961370289B008600B721D4 /* StoreRoomTests.xctest */;
			productType = "com.apple.product-type.bundle.unit-test";
		};
		99961379289B008600B721D4 /* StoreRoomUITests */ = {
			isa = PBXNativeTarget;
			buildConfigurationList = 9996138A289B008600B721D4 /* Build configuration list for PBXNativeTarget "StoreRoomUITests" */;
			buildPhases = (
				99961376289B008600B721D4 /* Sources */,
				99961377289B008600B721D4 /* Frameworks */,
				99961378289B008600B721D4 /* Resources */,
			);
			buildRules = (
			);
			dependencies = (
				9996137C289B008600B721D4 /* PBXTargetDependency */,
			);
			name = StoreRoomUITests;
			productName = StoreRoomUITests;
			productReference = 9996137A289B008600B721D4 /* StoreRoomUITests.xctest */;
			productType = "com.apple.product-type.bundle.ui-testing";
		};
/* End PBXNativeTarget section */

/* Begin PBXProject section */
		9996134F289B008200B721D4 /* Project object */ = {
			isa = PBXProject;
			attributes = {
				BuildIndependentTargetsInParallel = 1;
				LastSwiftUpdateCheck = 1340;
				LastUpgradeCheck = 1340;
				TargetAttributes = {
					99961356289B008200B721D4 = {
						CreatedOnToolsVersion = 13.4;
					};
					9996136F289B008600B721D4 = {
						CreatedOnToolsVersion = 13.4;
						TestTargetID = 99961356289B008200B721D4;
					};
					99961379289B008600B721D4 = {
						CreatedOnToolsVersion = 13.4;
						TestTargetID = 99961356289B008200B721D4;
					};
				};
			};
			buildConfigurationList = 99961352289B008200B721D4 /* Build configuration list for PBXProject "StoreRoom" */;
			compatibilityVersion = "Xcode 13.0";
			developmentRegion = en;
			hasScannedForEncodings = 0;
			knownRegions = (
				en,
				Base,
			);
			mainGroup = 9996134E289B008200B721D4;
			productRefGroup = 99961358289B008200B721D4 /* Products */;
			projectDirPath = "";
			projectRoot = "";
			targets = (
				99961356289B008200B721D4 /* StoreRoom */,
				9996136F289B008600B721D4 /* StoreRoomTests */,
				99961379289B008600B721D4 /* StoreRoomUITests */,
			);
		};
/* End PBXProject section */

/* Begin PBXResourcesBuildPhase section */
		99961355289B008200B721D4 /* Resources */ = {
			isa = PBXResourcesBuildPhase;
			buildActionMask = 2147483647;
			files = (
				99EF062328CD1CEB00456E7A /* DialogGetNameThing.xib in Resources */,
				9996136A289B008600B721D4 /* LaunchScreen.storyboard in Resources */,
				99961367289B008600B721D4 /* Assets.xcassets in Resources */,
				99961362289B008200B721D4 /* Main.storyboard in Resources */,
				996CD82928A30801000D933D /* CollectionViewCell.xib in Resources */,
			);
			runOnlyForDeploymentPostprocessing = 0;
		};
		9996136E289B008600B721D4 /* Resources */ = {
			isa = PBXResourcesBuildPhase;
			buildActionMask = 2147483647;
			files = (
			);
			runOnlyForDeploymentPostprocessing = 0;
		};
		99961378289B008600B721D4 /* Resources */ = {
			isa = PBXResourcesBuildPhase;
			buildActionMask = 2147483647;
			files = (
			);
			runOnlyForDeploymentPostprocessing = 0;
		};
/* End PBXResourcesBuildPhase section */

/* Begin PBXSourcesBuildPhase section */
		99961353289B008200B721D4 /* Sources */ = {
			isa = PBXSourcesBuildPhase;
			buildActionMask = 2147483647;
			files = (
				99961365289B008200B721D4 /* StoreRoom.xcdatamodeld in Sources */,
				996CD82828A30801000D933D /* CollectionViewCell.swift in Sources */,
				999ACD3828C28B3A00CFF235 /* GetPhotoCamera.swift in Sources */,
				99A200ED28A812F8007859F2 /* CalculateSizeCell.swift in Sources */,
				99A200EB28A8076F007859F2 /* CollectionViewControllerContent.swift in Sources */,
				990171B728A55D2600862B29 /* EntityThings+CoreDataClass.swift in Sources */,
				990171B428A55D2600862B29 /* EntityRooms+CoreDataProperties.swift in Sources */,
				9901717628A405C900862B29 /* ImageResize.swift in Sources */,
				998113C4289C36D800E5C5CE /* CoreData.swift in Sources */,
				990171B528A55D2600862B29 /* EntityMain+CoreDataClass.swift in Sources */,
				990171B628A55D2600862B29 /* EntityMain+CoreDataProperties.swift in Sources */,
				990171B128A55D2600862B29 /* EntityBoxs+CoreDataClass.swift in Sources */,
				99B4E65F28EC978E002AD71E /* Animation.swift in Sources */,
				99EF062128CD1CC600456E7A /* DialogGetNameThing.swift in Sources */,
				998113C0289B102200E5C5CE /* SettingViewController.swift in Sources */,
				998113C8289C3A0C00E5C5CE /* Variable.swift in Sources */,
				990171B228A55D2600862B29 /* EntityBoxs+CoreDataProperties.swift in Sources */,
				9996135B289B008200B721D4 /* AppDelegate.swift in Sources */,
				990171B328A55D2600862B29 /* EntityRooms+CoreDataClass.swift in Sources */,
				99A200EF28A8472E007859F2 /* ViewControllerShowThing.swift in Sources */,
				998113D6289C420400E5C5CE /* AlertWindow.swift in Sources */,
				9996135D289B008200B721D4 /* SceneDelegate.swift in Sources */,
				998113C2289B10BA00E5C5CE /* GenerateTestData.swift in Sources */,
				998113C6289C37ED00E5C5CE /* Error.swift in Sources */,
				990171B828A55D2600862B29 /* EntityThings+CoreDataProperties.swift in Sources */,
				9939DA9228DE4D01004080D4 /* DataManager.swift in Sources */,
			);
			runOnlyForDeploymentPostprocessing = 0;
		};
		9996136C289B008600B721D4 /* Sources */ = {
			isa = PBXSourcesBuildPhase;
			buildActionMask = 2147483647;
			files = (
				99961375289B008600B721D4 /* StoreRoomTests.swift in Sources */,
			);
			runOnlyForDeploymentPostprocessing = 0;
		};
		99961376289B008600B721D4 /* Sources */ = {
			isa = PBXSourcesBuildPhase;
			buildActionMask = 2147483647;
			files = (
				9996137F289B008600B721D4 /* StoreRoomUITests.swift in Sources */,
				99961381289B008600B721D4 /* StoreRoomUITestsLaunchTests.swift in Sources */,
			);
			runOnlyForDeploymentPostprocessing = 0;
		};
/* End PBXSourcesBuildPhase section */

/* Begin PBXTargetDependency section */
		99961372289B008600B721D4 /* PBXTargetDependency */ = {
			isa = PBXTargetDependency;
			target = 99961356289B008200B721D4 /* StoreRoom */;
			targetProxy = 99961371289B008600B721D4 /* PBXContainerItemProxy */;
		};
		9996137C289B008600B721D4 /* PBXTargetDependency */ = {
			isa = PBXTargetDependency;
			target = 99961356289B008200B721D4 /* StoreRoom */;
			targetProxy = 9996137B289B008600B721D4 /* PBXContainerItemProxy */;
		};
/* End PBXTargetDependency section */

/* Begin PBXVariantGroup section */
		99961360289B008200B721D4 /* Main.storyboard */ = {
			isa = PBXVariantGroup;
			children = (
				99961361289B008200B721D4 /* Base */,
			);
			name = Main.storyboard;
			sourceTree = "<group>";
		};
		99961368289B008600B721D4 /* LaunchScreen.storyboard */ = {
			isa = PBXVariantGroup;
			children = (
				99961369289B008600B721D4 /* Base */,
			);
			name = LaunchScreen.storyboard;
			sourceTree = "<group>";
		};
/* End PBXVariantGroup section */

/* Begin XCBuildConfiguration section */
		99961382289B008600B721D4 /* Debug */ = {
			isa = XCBuildConfiguration;
			buildSettings = {
				ALWAYS_SEARCH_USER_PATHS = NO;
				CLANG_ANALYZER_NONNULL = YES;
				CLANG_ANALYZER_NUMBER_OBJECT_CONVERSION = YES_AGGRESSIVE;
				CLANG_CXX_LANGUAGE_STANDARD = "gnu++17";
				CLANG_ENABLE_MODULES = YES;
				CLANG_ENABLE_OBJC_ARC = YES;
				CLANG_ENABLE_OBJC_WEAK = YES;
				CLANG_WARN_BLOCK_CAPTURE_AUTORELEASING = YES;
				CLANG_WARN_BOOL_CONVERSION = YES;
				CLANG_WARN_COMMA = YES;
				CLANG_WARN_CONSTANT_CONVERSION = YES;
				CLANG_WARN_DEPRECATED_OBJC_IMPLEMENTATIONS = YES;
				CLANG_WARN_DIRECT_OBJC_ISA_USAGE = YES_ERROR;
				CLANG_WARN_DOCUMENTATION_COMMENTS = YES;
				CLANG_WARN_EMPTY_BODY = YES;
				CLANG_WARN_ENUM_CONVERSION = YES;
				CLANG_WARN_INFINITE_RECURSION = YES;
				CLANG_WARN_INT_CONVERSION = YES;
				CLANG_WARN_NON_LITERAL_NULL_CONVERSION = YES;
				CLANG_WARN_OBJC_IMPLICIT_RETAIN_SELF = YES;
				CLANG_WARN_OBJC_LITERAL_CONVERSION = YES;
				CLANG_WARN_OBJC_ROOT_CLASS = YES_ERROR;
				CLANG_WARN_QUOTED_INCLUDE_IN_FRAMEWORK_HEADER = YES;
				CLANG_WARN_RANGE_LOOP_ANALYSIS = YES;
				CLANG_WARN_STRICT_PROTOTYPES = YES;
				CLANG_WARN_SUSPICIOUS_MOVE = YES;
				CLANG_WARN_UNGUARDED_AVAILABILITY = YES_AGGRESSIVE;
				CLANG_WARN_UNREACHABLE_CODE = YES;
				CLANG_WARN__DUPLICATE_METHOD_MATCH = YES;
				COPY_PHASE_STRIP = NO;
				DEBUG_INFORMATION_FORMAT = dwarf;
				ENABLE_STRICT_OBJC_MSGSEND = YES;
				ENABLE_TESTABILITY = YES;
				GCC_C_LANGUAGE_STANDARD = gnu11;
				GCC_DYNAMIC_NO_PIC = NO;
				GCC_NO_COMMON_BLOCKS = YES;
				GCC_OPTIMIZATION_LEVEL = 0;
				GCC_PREPROCESSOR_DEFINITIONS = (
					"DEBUG=1",
					"$(inherited)",
				);
				GCC_WARN_64_TO_32_BIT_CONVERSION = YES;
				GCC_WARN_ABOUT_RETURN_TYPE = YES_ERROR;
				GCC_WARN_UNDECLARED_SELECTOR = YES;
				GCC_WARN_UNINITIALIZED_AUTOS = YES_AGGRESSIVE;
				GCC_WARN_UNUSED_FUNCTION = YES;
				GCC_WARN_UNUSED_VARIABLE = YES;
				IPHONEOS_DEPLOYMENT_TARGET = 15.5;
				MTL_ENABLE_DEBUG_INFO = INCLUDE_SOURCE;
				MTL_FAST_MATH = YES;
				ONLY_ACTIVE_ARCH = YES;
				SDKROOT = iphoneos;
				SWIFT_ACTIVE_COMPILATION_CONDITIONS = DEBUG;
				SWIFT_OPTIMIZATION_LEVEL = "-Onone";
			};
			name = Debug;
		};
		99961383289B008600B721D4 /* Release */ = {
			isa = XCBuildConfiguration;
			buildSettings = {
				ALWAYS_SEARCH_USER_PATHS = NO;
				CLANG_ANALYZER_NONNULL = YES;
				CLANG_ANALYZER_NUMBER_OBJECT_CONVERSION = YES_AGGRESSIVE;
				CLANG_CXX_LANGUAGE_STANDARD = "gnu++17";
				CLANG_ENABLE_MODULES = YES;
				CLANG_ENABLE_OBJC_ARC = YES;
				CLANG_ENABLE_OBJC_WEAK = YES;
				CLANG_WARN_BLOCK_CAPTURE_AUTORELEASING = YES;
				CLANG_WARN_BOOL_CONVERSION = YES;
				CLANG_WARN_COMMA = YES;
				CLANG_WARN_CONSTANT_CONVERSION = YES;
				CLANG_WARN_DEPRECATED_OBJC_IMPLEMENTATIONS = YES;
				CLANG_WARN_DIRECT_OBJC_ISA_USAGE = YES_ERROR;
				CLANG_WARN_DOCUMENTATION_COMMENTS = YES;
				CLANG_WARN_EMPTY_BODY = YES;
				CLANG_WARN_ENUM_CONVERSION = YES;
				CLANG_WARN_INFINITE_RECURSION = YES;
				CLANG_WARN_INT_CONVERSION = YES;
				CLANG_WARN_NON_LITERAL_NULL_CONVERSION = YES;
				CLANG_WARN_OBJC_IMPLICIT_RETAIN_SELF = YES;
				CLANG_WARN_OBJC_LITERAL_CONVERSION = YES;
				CLANG_WARN_OBJC_ROOT_CLASS = YES_ERROR;
				CLANG_WARN_QUOTED_INCLUDE_IN_FRAMEWORK_HEADER = YES;
				CLANG_WARN_RANGE_LOOP_ANALYSIS = YES;
				CLANG_WARN_STRICT_PROTOTYPES = YES;
				CLANG_WARN_SUSPICIOUS_MOVE = YES;
				CLANG_WARN_UNGUARDED_AVAILABILITY = YES_AGGRESSIVE;
				CLANG_WARN_UNREACHABLE_CODE = YES;
				CLANG_WARN__DUPLICATE_METHOD_MATCH = YES;
				COPY_PHASE_STRIP = NO;
				DEBUG_INFORMATION_FORMAT = "dwarf-with-dsym";
				ENABLE_NS_ASSERTIONS = NO;
				ENABLE_STRICT_OBJC_MSGSEND = YES;
				GCC_C_LANGUAGE_STANDARD = gnu11;
				GCC_NO_COMMON_BLOCKS = YES;
				GCC_WARN_64_TO_32_BIT_CONVERSION = YES;
				GCC_WARN_ABOUT_RETURN_TYPE = YES_ERROR;
				GCC_WARN_UNDECLARED_SELECTOR = YES;
				GCC_WARN_UNINITIALIZED_AUTOS = YES_AGGRESSIVE;
				GCC_WARN_UNUSED_FUNCTION = YES;
				GCC_WARN_UNUSED_VARIABLE = YES;
				IPHONEOS_DEPLOYMENT_TARGET = 15.5;
				MTL_ENABLE_DEBUG_INFO = NO;
				MTL_FAST_MATH = YES;
				SDKROOT = iphoneos;
				SWIFT_COMPILATION_MODE = wholemodule;
				SWIFT_OPTIMIZATION_LEVEL = "-O";
				VALIDATE_PRODUCT = YES;
			};
			name = Release;
		};
		99961385289B008600B721D4 /* Debug */ = {
			isa = XCBuildConfiguration;
			buildSettings = {
				ASSETCATALOG_COMPILER_APPICON_NAME = AppIcon;
				ASSETCATALOG_COMPILER_GLOBAL_ACCENT_COLOR_NAME = AccentColor;
				CODE_SIGN_STYLE = Automatic;
				CURRENT_PROJECT_VERSION = 1;
				DEVELOPMENT_TEAM = RC9H8Z8TW3;
				GENERATE_INFOPLIST_FILE = YES;
				INFOPLIST_FILE = StoreRoom/Info.plist;
				INFOPLIST_KEY_NSCameraUsageDescription = "Разрешите доступ к камере";
				INFOPLIST_KEY_UIApplicationSupportsIndirectInputEvents = YES;
				INFOPLIST_KEY_UILaunchStoryboardName = LaunchScreen;
				INFOPLIST_KEY_UISupportedInterfaceOrientations = UIInterfaceOrientationPortrait;
				INFOPLIST_KEY_UISupportedInterfaceOrientations_iPad = "UIInterfaceOrientationPortrait UIInterfaceOrientationPortraitUpsideDown UIInterfaceOrientationLandscapeLeft UIInterfaceOrientationLandscapeRight";
				INFOPLIST_KEY_UISupportedInterfaceOrientations_iPhone = "UIInterfaceOrientationPortrait UIInterfaceOrientationLandscapeLeft UIInterfaceOrientationLandscapeRight";
				LD_RUNPATH_SEARCH_PATHS = (
					"$(inherited)",
					"@executable_path/Frameworks",
				);
				MARKETING_VERSION = 1.0;
				PRODUCT_BUNDLE_IDENTIFIER = "Evgenii-Zakharov.StoreRoom";
				PRODUCT_NAME = "$(TARGET_NAME)";
				SWIFT_EMIT_LOC_STRINGS = YES;
				SWIFT_VERSION = 5.0;
				TARGETED_DEVICE_FAMILY = "1,2";
			};
			name = Debug;
		};
		99961386289B008600B721D4 /* Release */ = {
			isa = XCBuildConfiguration;
			buildSettings = {
				ASSETCATALOG_COMPILER_APPICON_NAME = AppIcon;
				ASSETCATALOG_COMPILER_GLOBAL_ACCENT_COLOR_NAME = AccentColor;
				CODE_SIGN_STYLE = Automatic;
				CURRENT_PROJECT_VERSION = 1;
				DEVELOPMENT_TEAM = RC9H8Z8TW3;
				GENERATE_INFOPLIST_FILE = YES;
				INFOPLIST_FILE = StoreRoom/Info.plist;
				INFOPLIST_KEY_NSCameraUsageDescription = "Разрешите доступ к камере";
				INFOPLIST_KEY_UIApplicationSupportsIndirectInputEvents = YES;
				INFOPLIST_KEY_UILaunchStoryboardName = LaunchScreen;
				INFOPLIST_KEY_UISupportedInterfaceOrientations = UIInterfaceOrientationPortrait;
				INFOPLIST_KEY_UISupportedInterfaceOrientations_iPad = "UIInterfaceOrientationPortrait UIInterfaceOrientationPortraitUpsideDown UIInterfaceOrientationLandscapeLeft UIInterfaceOrientationLandscapeRight";
				INFOPLIST_KEY_UISupportedInterfaceOrientations_iPhone = "UIInterfaceOrientationPortrait UIInterfaceOrientationLandscapeLeft UIInterfaceOrientationLandscapeRight";
				LD_RUNPATH_SEARCH_PATHS = (
					"$(inherited)",
					"@executable_path/Frameworks",
				);
				MARKETING_VERSION = 1.0;
				PRODUCT_BUNDLE_IDENTIFIER = "Evgenii-Zakharov.StoreRoom";
				PRODUCT_NAME = "$(TARGET_NAME)";
				SWIFT_EMIT_LOC_STRINGS = YES;
				SWIFT_VERSION = 5.0;
				TARGETED_DEVICE_FAMILY = "1,2";
			};
			name = Release;
		};
		99961388289B008600B721D4 /* Debug */ = {
			isa = XCBuildConfiguration;
			buildSettings = {
				ALWAYS_EMBED_SWIFT_STANDARD_LIBRARIES = YES;
				BUNDLE_LOADER = "$(TEST_HOST)";
				CODE_SIGN_STYLE = Automatic;
				CURRENT_PROJECT_VERSION = 1;
				DEVELOPMENT_TEAM = RC9H8Z8TW3;
				GENERATE_INFOPLIST_FILE = YES;
				IPHONEOS_DEPLOYMENT_TARGET = 15.5;
				MARKETING_VERSION = 1.0;
				PRODUCT_BUNDLE_IDENTIFIER = "Evgenii-Zakharov.StoreRoomTests";
				PRODUCT_NAME = "$(TARGET_NAME)";
				SWIFT_EMIT_LOC_STRINGS = NO;
				SWIFT_VERSION = 5.0;
				TARGETED_DEVICE_FAMILY = "1,2";
				TEST_HOST = "$(BUILT_PRODUCTS_DIR)/StoreRoom.app/StoreRoom";
			};
			name = Debug;
		};
		99961389289B008600B721D4 /* Release */ = {
			isa = XCBuildConfiguration;
			buildSettings = {
				ALWAYS_EMBED_SWIFT_STANDARD_LIBRARIES = YES;
				BUNDLE_LOADER = "$(TEST_HOST)";
				CODE_SIGN_STYLE = Automatic;
				CURRENT_PROJECT_VERSION = 1;
				DEVELOPMENT_TEAM = RC9H8Z8TW3;
				GENERATE_INFOPLIST_FILE = YES;
				IPHONEOS_DEPLOYMENT_TARGET = 15.5;
				MARKETING_VERSION = 1.0;
				PRODUCT_BUNDLE_IDENTIFIER = "Evgenii-Zakharov.StoreRoomTests";
				PRODUCT_NAME = "$(TARGET_NAME)";
				SWIFT_EMIT_LOC_STRINGS = NO;
				SWIFT_VERSION = 5.0;
				TARGETED_DEVICE_FAMILY = "1,2";
				TEST_HOST = "$(BUILT_PRODUCTS_DIR)/StoreRoom.app/StoreRoom";
			};
			name = Release;
		};
		9996138B289B008600B721D4 /* Debug */ = {
			isa = XCBuildConfiguration;
			buildSettings = {
				ALWAYS_EMBED_SWIFT_STANDARD_LIBRARIES = YES;
				CODE_SIGN_STYLE = Automatic;
				CURRENT_PROJECT_VERSION = 1;
				DEVELOPMENT_TEAM = RC9H8Z8TW3;
				GENERATE_INFOPLIST_FILE = YES;
				MARKETING_VERSION = 1.0;
				PRODUCT_BUNDLE_IDENTIFIER = "Evgenii-Zakharov.StoreRoomUITests";
				PRODUCT_NAME = "$(TARGET_NAME)";
				SWIFT_EMIT_LOC_STRINGS = NO;
				SWIFT_VERSION = 5.0;
				TARGETED_DEVICE_FAMILY = "1,2";
				TEST_TARGET_NAME = StoreRoom;
			};
			name = Debug;
		};
		9996138C289B008600B721D4 /* Release */ = {
			isa = XCBuildConfiguration;
			buildSettings = {
				ALWAYS_EMBED_SWIFT_STANDARD_LIBRARIES = YES;
				CODE_SIGN_STYLE = Automatic;
				CURRENT_PROJECT_VERSION = 1;
				DEVELOPMENT_TEAM = RC9H8Z8TW3;
				GENERATE_INFOPLIST_FILE = YES;
				MARKETING_VERSION = 1.0;
				PRODUCT_BUNDLE_IDENTIFIER = "Evgenii-Zakharov.StoreRoomUITests";
				PRODUCT_NAME = "$(TARGET_NAME)";
				SWIFT_EMIT_LOC_STRINGS = NO;
				SWIFT_VERSION = 5.0;
				TARGETED_DEVICE_FAMILY = "1,2";
				TEST_TARGET_NAME = StoreRoom;
			};
			name = Release;
		};
/* End XCBuildConfiguration section */

/* Begin XCConfigurationList section */
		99961352289B008200B721D4 /* Build configuration list for PBXProject "StoreRoom" */ = {
			isa = XCConfigurationList;
			buildConfigurations = (
				99961382289B008600B721D4 /* Debug */,
				99961383289B008600B721D4 /* Release */,
			);
			defaultConfigurationIsVisible = 0;
			defaultConfigurationName = Release;
		};
		99961384289B008600B721D4 /* Build configuration list for PBXNativeTarget "StoreRoom" */ = {
			isa = XCConfigurationList;
			buildConfigurations = (
				99961385289B008600B721D4 /* Debug */,
				99961386289B008600B721D4 /* Release */,
			);
			defaultConfigurationIsVisible = 0;
			defaultConfigurationName = Release;
		};
		99961387289B008600B721D4 /* Build configuration list for PBXNativeTarget "StoreRoomTests" */ = {
			isa = XCConfigurationList;
			buildConfigurations = (
				99961388289B008600B721D4 /* Debug */,
				99961389289B008600B721D4 /* Release */,
			);
			defaultConfigurationIsVisible = 0;
			defaultConfigurationName = Release;
		};
		9996138A289B008600B721D4 /* Build configuration list for PBXNativeTarget "StoreRoomUITests" */ = {
			isa = XCConfigurationList;
			buildConfigurations = (
				9996138B289B008600B721D4 /* Debug */,
				9996138C289B008600B721D4 /* Release */,
			);
			defaultConfigurationIsVisible = 0;
			defaultConfigurationName = Release;
		};
/* End XCConfigurationList section */

/* Begin XCVersionGroup section */
		99961363289B008200B721D4 /* StoreRoom.xcdatamodeld */ = {
			isa = XCVersionGroup;
			children = (
				99961364289B008200B721D4 /* StoreRoom.xcdatamodel */,
			);
			currentVersion = 99961364289B008200B721D4 /* StoreRoom.xcdatamodel */;
			path = StoreRoom.xcdatamodeld;
			sourceTree = "<group>";
			versionGroupType = wrapper.xcdatamodel;
		};
/* End XCVersionGroup section */
	};
	rootObject = 9996134F289B008200B721D4 /* Project object */;
}
